
Microsoft Visual Studio Solution File, Format Version 12.00
# Visual Studio 15
VisualStudioVersion = 15.0.27004.2005
MinimumVisualStudioVersion = 10.0.40219.1
Project("{FAE04EC0-301F-11D3-BF4B-00C04F79EFBC}") = "SudokuGenerator", "SudokuGenerator\SudokuGenerator.csproj", "{864E61C4-B198-4277-BA6F-142C75BD6239}"
EndProject
Global
	GlobalSection(SolutionConfigurationPlatforms) = preSolution
		Debug|Any CPU = Debug|Any CPU
		Release|Any CPU = Release|Any CPU
	EndGlobalSection
	GlobalSection(ProjectConfigurationPlatforms) = postSolution
		{864E61C4-B198-4277-BA6F-142C75BD6239}.Debug|Any CPU.ActiveCfg = Debug|Any CPU
		{864E61C4-B198-4277-BA6F-142C75BD6239}.Debug|Any CPU.Build.0 = Debug|Any CPU
		{864E61C4-B198-4277-BA6F-142C75BD6239}.Release|Any CPU.ActiveCfg = Release|Any CPU
		{864E61C4-B198-4277-BA6F-142C75BD6239}.Release|Any CPU.Build.0 = Release|Any CPU
	EndGlobalSection
	GlobalSection(SolutionProperties) = preSolution
		HideSolutionNode = FALSE
	EndGlobalSection
	GlobalSection(ExtensibilityGlobals) = postSolution
		SolutionGuid = {7CB92199-1C03-4897-9672-3222CD7494C2}
	EndGlobalSection
EndGlobal
